
Microsoft Visual Studio Solution File, Format Version 12.00
# Visual Studio 15
VisualStudioVersion = 15.0.27428.2015
MinimumVisualStudioVersion = 10.0.40219.1
Project("{FAE04EC0-301F-11D3-BF4B-00C04F79EFBC}") = "SimpleDataServer_website", "testDeploy\SimpleDataServer_website.csproj", "{CCA71E43-D314-409D-AD2B-A35E08A920FD}"
EndProject
Project("{FAE04EC0-301F-11D3-BF4B-00C04F79EFBC}") = "DataService", "DataService\DataService.csproj", "{5B21E16B-E4C8-4C79-B3A0-C747FA546012}"
EndProject
Project("{FAE04EC0-301F-11D3-BF4B-00C04F79EFBC}") = "DataServiceHost", "DataServiceHost\DataServiceHost.csproj", "{D1DE11EE-96E4-4EEA-AEF8-F9845282EF71}"
EndProject
Project("{FAE04EC0-301F-11D3-BF4B-00C04F79EFBC}") = "AdminConsole", "AdminConsole\AdminConsole.csproj", "{32E6293C-A944-4C0C-BA55-A87F68D28D2E}"
EndProject
Global
	GlobalSection(SolutionConfigurationPlatforms) = preSolution
		Debug|Any CPU = Debug|Any CPU
		Release|Any CPU = Release|Any CPU
	EndGlobalSection
	GlobalSection(ProjectConfigurationPlatforms) = postSolution
		{CCA71E43-D314-409D-AD2B-A35E08A920FD}.Debug|Any CPU.ActiveCfg = Debug|Any CPU
		{CCA71E43-D314-409D-AD2B-A35E08A920FD}.Debug|Any CPU.Build.0 = Debug|Any CPU
		{CCA71E43-D314-409D-AD2B-A35E08A920FD}.Release|Any CPU.ActiveCfg = Release|Any CPU
		{CCA71E43-D314-409D-AD2B-A35E08A920FD}.Release|Any CPU.Build.0 = Release|Any CPU
		{5B21E16B-E4C8-4C79-B3A0-C747FA546012}.Debug|Any CPU.ActiveCfg = Debug|Any CPU
		{5B21E16B-E4C8-4C79-B3A0-C747FA546012}.Debug|Any CPU.Build.0 = Debug|Any CPU
		{5B21E16B-E4C8-4C79-B3A0-C747FA546012}.Release|Any CPU.ActiveCfg = Release|Any CPU
		{5B21E16B-E4C8-4C79-B3A0-C747FA546012}.Release|Any CPU.Build.0 = Release|Any CPU
		{D1DE11EE-96E4-4EEA-AEF8-F9845282EF71}.Debug|Any CPU.ActiveCfg = Debug|Any CPU
		{D1DE11EE-96E4-4EEA-AEF8-F9845282EF71}.Debug|Any CPU.Build.0 = Debug|Any CPU
		{D1DE11EE-96E4-4EEA-AEF8-F9845282EF71}.Release|Any CPU.ActiveCfg = Release|Any CPU
		{D1DE11EE-96E4-4EEA-AEF8-F9845282EF71}.Release|Any CPU.Build.0 = Release|Any CPU
		{32E6293C-A944-4C0C-BA55-A87F68D28D2E}.Debug|Any CPU.ActiveCfg = Debug|Any CPU
		{32E6293C-A944-4C0C-BA55-A87F68D28D2E}.Debug|Any CPU.Build.0 = Debug|Any CPU
		{32E6293C-A944-4C0C-BA55-A87F68D28D2E}.Release|Any CPU.ActiveCfg = Release|Any CPU
		{32E6293C-A944-4C0C-BA55-A87F68D28D2E}.Release|Any CPU.Build.0 = Release|Any CPU
	EndGlobalSection
	GlobalSection(SolutionProperties) = preSolution
		HideSolutionNode = FALSE
	EndGlobalSection
	GlobalSection(ExtensibilityGlobals) = postSolution
		SolutionGuid = {D4C4CDAE-55B4-4A0E-843A-8F7E2C3F2CA8}
	EndGlobalSection
EndGlobal
